{
  "nodes": {
    "HTTP": {
      "flake": false,
      "locked": {
        "lastModified": 1451647621,
        "narHash": "sha256-oHIyw3x0iKBexEo49YeUDV1k74ZtyYKGR2gNJXXRxts=",
        "owner": "phadej",
        "repo": "HTTP",
        "rev": "9bc0996d412fef1787449d841277ef663ad9a915",
        "type": "github"
      },
      "original": {
        "owner": "phadej",
        "repo": "HTTP",
        "type": "github"
      }
    },
    "Shrinker": {
      "flake": false,
      "locked": {
        "lastModified": 1642430208,
        "narHash": "sha256-tfWyB7zCLzncwRpyl7eUOzuOBbg9KLu6sxSxRaFlOug=",
        "owner": "Plutonomicon",
        "repo": "Shrinker",
        "rev": "0e60707996b876c7bd23a348f54545217ce2e556",
        "type": "github"
      },
      "original": {
        "owner": "Plutonomicon",
        "repo": "Shrinker",
        "type": "github"
      }
    },
    "cabal-32": {
      "flake": false,
      "locked": {
        "lastModified": 1603716527,
        "narHash": "sha256-X0TFfdD4KZpwl0Zr6x+PLxUt/VyKQfX7ylXHdmZIL+w=",
        "owner": "haskell",
        "repo": "cabal",
        "rev": "48bf10787e27364730dd37a42b603cee8d6af7ee",
        "type": "github"
      },
      "original": {
        "owner": "haskell",
        "ref": "3.2",
        "repo": "cabal",
        "type": "github"
      }
    },
    "cabal-34": {
      "flake": false,
      "locked": {
        "lastModified": 1640353650,
        "narHash": "sha256-N1t6M3/wqj90AEdRkeC8i923gQYUpzSr8b40qVOZ1Rk=",
        "owner": "haskell",
        "repo": "cabal",
        "rev": "942639c18c0cd8ec53e0a6f8d120091af35312cd",
        "type": "github"
      },
      "original": {
        "owner": "haskell",
        "ref": "3.4",
        "repo": "cabal",
        "type": "github"
      }
    },
    "cabal-36": {
      "flake": false,
      "locked": {
        "lastModified": 1641652457,
        "narHash": "sha256-BlFPKP4C4HRUJeAbdembX1Rms1LD380q9s0qVDeoAak=",
        "owner": "haskell",
        "repo": "cabal",
        "rev": "f27667f8ec360c475027dcaee0138c937477b070",
        "type": "github"
      },
      "original": {
        "owner": "haskell",
        "ref": "3.6",
        "repo": "cabal",
        "type": "github"
      }
    },
    "cardano-base": {
      "flake": false,
      "locked": {
        "lastModified": 1638456794,
        "narHash": "sha256-0KAO6dWqupJzRyjWjAFLZrt0hA6pozeKsDv1Fnysib8=",
        "owner": "input-output-hk",
        "repo": "cardano-base",
        "rev": "4fae3f0149fd8925be94707d3ae0e36c0d67bd58",
        "type": "github"
      },
      "original": {
        "owner": "input-output-hk",
        "repo": "cardano-base",
        "type": "github"
      }
    },
    "cardano-crypto": {
      "flake": false,
      "locked": {
        "lastModified": 1621376239,
        "narHash": "sha256-oxIOVlgm07FAEmgGRF1C2me9TXqVxQulEOcJ22zpTRs=",
        "owner": "input-output-hk",
        "repo": "cardano-crypto",
        "rev": "07397f0e50da97eaa0575d93bee7ac4b2b2576ec",
        "type": "github"
      },
      "original": {
        "owner": "input-output-hk",
        "repo": "cardano-crypto",
        "rev": "07397f0e50da97eaa0575d93bee7ac4b2b2576ec",
        "type": "github"
      }
    },
    "cardano-prelude": {
      "flake": false,
      "locked": {
        "lastModified": 1641566029,
        "narHash": "sha256-CylaHhO4zbZ1dEAv8yWp1swP1xys/s2Sbxg3a2pdnCI=",
        "owner": "locallycompact",
        "repo": "cardano-prelude",
        "rev": "93f95047bb36a055bdd56fb0cafd887c072cdce2",
        "type": "github"
      },
      "original": {
        "owner": "locallycompact",
        "repo": "cardano-prelude",
        "rev": "93f95047bb36a055bdd56fb0cafd887c072cdce2",
        "type": "github"
      }
    },
    "cardano-repo-tool": {
      "flake": false,
      "locked": {
        "lastModified": 1624584417,
        "narHash": "sha256-YSepT97PagR/1jTYV/Yer8a2GjFe9+tTwaTCHxuK50M=",
        "owner": "input-output-hk",
        "repo": "cardano-repo-tool",
        "rev": "30e826ed8f00e3e154453b122a6f3d779b2f73ec",
        "type": "github"
      },
      "original": {
        "owner": "input-output-hk",
        "repo": "cardano-repo-tool",
        "type": "github"
      }
    },
    "cardano-shell": {
      "flake": false,
      "locked": {
        "lastModified": 1608537748,
        "narHash": "sha256-PulY1GfiMgKVnBci3ex4ptk2UNYMXqGjJOxcPy2KYT4=",
        "owner": "input-output-hk",
        "repo": "cardano-shell",
        "rev": "9392c75087cb9a3d453998f4230930dea3a95725",
        "type": "github"
      },
      "original": {
        "owner": "input-output-hk",
        "repo": "cardano-shell",
        "type": "github"
      }
    },
    "cryptonite": {
      "flake": false,
      "locked": {
        "lastModified": 1639749289,
        "narHash": "sha256-/KS2S0f9r4c/q+IUGwkFOY9jbZkyK3dl0xMpDbULeqc=",
        "owner": "haskell-crypto",
        "repo": "cryptonite",
        "rev": "cec291d988f0f17828384f3358214ab9bf724a13",
        "type": "github"
      },
      "original": {
        "owner": "haskell-crypto",
        "repo": "cryptonite",
        "rev": "cec291d988f0f17828384f3358214ab9bf724a13",
        "type": "github"
      }
    },
    "ema": {
      "inputs": {
        "flake-compat": "flake-compat",
        "flake-utils": "flake-utils",
        "nixpkgs": "nixpkgs",
        "pre-commit-hooks": "pre-commit-hooks"
      },
      "locked": {
        "lastModified": 1648150821,
        "narHash": "sha256-AGwZRHD2Gcn2kuT3FQCaQOoBhH1D+Blk0WXuEXWyr2c=",
        "owner": "srid",
        "repo": "ema",
        "rev": "624bcd5103e847fbbb9c59e39dab507424dd8299",
        "type": "github"
      },
      "original": {
        "owner": "srid",
        "ref": "multisite",
        "repo": "ema",
        "type": "github"
      }
    },
    "emanote": {
      "inputs": {
        "ema": "ema",
        "flake-compat": [
          "emanote",
          "ema",
          "flake-compat"
        ],
        "flake-utils": [
          "emanote",
          "ema",
          "flake-utils"
        ],
        "heist": "heist",
        "nixpkgs": [
          "emanote",
          "ema",
          "nixpkgs"
        ],
        "pathtree": "pathtree",
        "tailwind-haskell": "tailwind-haskell",
        "unionmount": "unionmount"
      },
      "locked": {
        "lastModified": 1648225238,
        "narHash": "sha256-aDQNIpiAAnM5j8oFdvxQzpBCv7JyW4uZgWKLwdZBRCQ=",
        "owner": "srid",
        "repo": "emanote",
        "rev": "cce3558d2d142a95ea39099e7b3b2e930b2f3a61",
        "type": "github"
      },
      "original": {
        "owner": "srid",
        "ref": "master",
        "repo": "emanote",
        "type": "github"
      }
    },
    "flake-compat": {
      "flake": false,
      "locked": {
        "lastModified": 1641205782,
        "narHash": "sha256-4jY7RCWUoZ9cKD8co0/4tFARpWB+57+r1bLLvXNJliY=",
        "owner": "edolstra",
        "repo": "flake-compat",
        "rev": "b7547d3eed6f32d06102ead8991ec52ab0a4f1a7",
        "type": "github"
      },
      "original": {
        "owner": "edolstra",
        "repo": "flake-compat",
        "type": "github"
      }
    },
    "flake-compat_2": {
      "flake": false,
      "locked": {
        "lastModified": 1641205782,
        "narHash": "sha256-4jY7RCWUoZ9cKD8co0/4tFARpWB+57+r1bLLvXNJliY=",
        "owner": "edolstra",
        "repo": "flake-compat",
        "rev": "b7547d3eed6f32d06102ead8991ec52ab0a4f1a7",
        "type": "github"
      },
      "original": {
        "owner": "edolstra",
        "repo": "flake-compat",
        "type": "github"
      }
    },
    "flake-compat_3": {
      "flake": false,
      "locked": {
        "lastModified": 1627913399,
        "narHash": "sha256-hY8g6H2KFL8ownSiFeMOjwPC8P0ueXpCVEbxgda3pko=",
        "owner": "edolstra",
        "repo": "flake-compat",
        "rev": "12c64ca55c1014cdc1b16ed5a804aa8576601ff2",
        "type": "github"
      },
      "original": {
        "owner": "edolstra",
        "repo": "flake-compat",
        "type": "github"
      }
    },
    "flake-utils": {
      "locked": {
        "lastModified": 1644229661,
        "narHash": "sha256-1YdnJAsNy69bpcjuoKdOYQX0YxZBiCYZo4Twxerqv7k=",
        "owner": "numtide",
        "repo": "flake-utils",
        "rev": "3cecb5b042f7f209c56ffd8371b2711a290ec797",
        "type": "github"
      },
      "original": {
        "owner": "numtide",
        "repo": "flake-utils",
        "type": "github"
      }
    },
    "flake-utils_2": {
      "locked": {
        "lastModified": 1619345332,
        "narHash": "sha256-qHnQkEp1uklKTpx3MvKtY6xzgcqXDsz5nLilbbuL+3A=",
        "owner": "numtide",
        "repo": "flake-utils",
        "rev": "2ebf2558e5bf978c7fb8ea927dfaed8fefab2e28",
        "type": "github"
      },
      "original": {
        "owner": "numtide",
        "repo": "flake-utils",
        "type": "github"
      }
    },
    "flake-utils_3": {
      "locked": {
        "lastModified": 1642700792,
        "narHash": "sha256-XqHrk7hFb+zBvRg6Ghl+AZDq03ov6OshJLiSWOoX5es=",
        "owner": "numtide",
        "repo": "flake-utils",
        "rev": "846b2ae0fc4cc943637d3d1def4454213e203cba",
        "type": "github"
      },
      "original": {
        "owner": "numtide",
        "repo": "flake-utils",
        "type": "github"
      }
    },
    "flake-utils_4": {
      "locked": {
        "lastModified": 1631561581,
        "narHash": "sha256-3VQMV5zvxaVLvqqUrNz3iJelLw30mIVSfZmAaauM3dA=",
        "owner": "numtide",
        "repo": "flake-utils",
        "rev": "7e5bf3925f6fbdfaf50a2a7ca0be2879c4261d19",
        "type": "github"
      },
      "original": {
        "owner": "numtide",
        "repo": "flake-utils",
        "type": "github"
      }
    },
    "flake-utils_5": {
      "locked": {
        "lastModified": 1644229661,
        "narHash": "sha256-1YdnJAsNy69bpcjuoKdOYQX0YxZBiCYZo4Twxerqv7k=",
        "owner": "numtide",
        "repo": "flake-utils",
        "rev": "3cecb5b042f7f209c56ffd8371b2711a290ec797",
        "type": "github"
      },
      "original": {
        "owner": "numtide",
        "repo": "flake-utils",
        "type": "github"
      }
    },
    "flat": {
      "flake": false,
      "locked": {
        "lastModified": 1641898475,
        "narHash": "sha256-D7jJ4t0T1ZvXbO61r3HQj77hZ5hWF/P1L8X9+MnfD6c=",
        "owner": "Quid2",
        "repo": "flat",
        "rev": "41a040c413351e021982bb78bd00f750628f8060",
        "type": "github"
      },
      "original": {
        "owner": "Quid2",
        "repo": "flat",
        "rev": "41a040c413351e021982bb78bd00f750628f8060",
        "type": "github"
      }
    },
    "foundation": {
      "flake": false,
      "locked": {
        "lastModified": 1635711016,
        "narHash": "sha256-5TRuljpwt50DLjyFjiFj6quFncu8RT0d8/0jlzsenuc=",
        "owner": "haskell-foundation",
        "repo": "foundation",
        "rev": "0bb195e1fea06d144dafc5af9a0ff79af0a5f4a0",
        "type": "github"
      },
      "original": {
        "owner": "haskell-foundation",
        "repo": "foundation",
        "rev": "0bb195e1fea06d144dafc5af9a0ff79af0a5f4a0",
        "type": "github"
      }
    },
    "ghc-8.6.5-iohk": {
      "flake": false,
      "locked": {
        "lastModified": 1600920045,
        "narHash": "sha256-DO6kxJz248djebZLpSzTGD6s8WRpNI9BTwUeOf5RwY8=",
        "owner": "input-output-hk",
        "repo": "ghc",
        "rev": "95713a6ecce4551240da7c96b6176f980af75cae",
        "type": "github"
      },
      "original": {
        "owner": "input-output-hk",
        "ref": "release/8.6.5-iohk",
        "repo": "ghc",
        "type": "github"
      }
    },
    "gitignore-nix": {
      "flake": false,
      "locked": {
        "lastModified": 1611672876,
        "narHash": "sha256-qHu3uZ/o9jBHiA3MEKHJ06k7w4heOhA+4HCSIvflRxo=",
        "owner": "hercules-ci",
        "repo": "gitignore.nix",
        "rev": "211907489e9f198594c0eb0ca9256a1949c9d412",
        "type": "github"
      },
      "original": {
        "owner": "hercules-ci",
        "repo": "gitignore.nix",
        "type": "github"
      }
    },
    "hackage": {
      "flake": false,
      "locked": {
        "lastModified": 1644887696,
        "narHash": "sha256-o4gltv4npUl7+1gEQIcrRqZniwqC9kK8QsPaftlrawc=",
        "owner": "input-output-hk",
        "repo": "hackage.nix",
        "rev": "6ff64aa49b88e75dd6e0bbd2823c2a92c9174fa5",
        "type": "github"
      },
      "original": {
        "owner": "input-output-hk",
        "repo": "hackage.nix",
        "type": "github"
      }
    },
    "hackage-nix": {
      "flake": false,
      "locked": {
        "lastModified": 1644369434,
        "narHash": "sha256-WqU6f1OhSM0UHXFW8Mhhvhz0tcij+NQVtmb6sW4RiFw=",
        "owner": "input-output-hk",
        "repo": "hackage.nix",
        "rev": "644a0d702abf84cdec62f4e620ff1034000e6146",
        "type": "github"
      },
      "original": {
        "owner": "input-output-hk",
        "repo": "hackage.nix",
        "type": "github"
      }
    },
    "haskell-language-server": {
      "flake": false,
      "locked": {
        "lastModified": 1645014262,
        "narHash": "sha256-f49So1teiroV+S7sbGTK4AhzUOXpoiQ26/fTjdIKkqc=",
        "owner": "haskell",
        "repo": "haskell-language-server",
        "rev": "96ea854debd92f9a54e2270b9b9a080c0ce6f3d1",
        "type": "github"
      },
      "original": {
        "owner": "haskell",
        "repo": "haskell-language-server",
        "type": "github"
      }
    },
    "haskell-language-server_2": {
      "flake": false,
      "locked": {
        "lastModified": 1643835246,
        "narHash": "sha256-5LQHcQmi3mUGRgJu+X/m3jeM3kdkYjLD+KwgnxBlbeU=",
        "owner": "haskell",
        "repo": "haskell-language-server",
        "rev": "024ddc8b3904f8b8e8fe67ba6b9ebd8a4bd7ce76",
        "type": "github"
      },
      "original": {
        "owner": "haskell",
        "ref": "1.6.1.1",
        "repo": "haskell-language-server",
        "type": "github"
      }
    },
    "haskell-nix": {
      "inputs": {
        "HTTP": "HTTP",
        "cabal-32": "cabal-32",
        "cabal-34": "cabal-34",
        "cabal-36": "cabal-36",
        "cardano-shell": "cardano-shell",
        "flake-utils": "flake-utils_5",
        "ghc-8.6.5-iohk": "ghc-8.6.5-iohk",
        "hackage": "hackage",
        "hpc-coveralls": "hpc-coveralls",
        "nix-tools": "nix-tools",
        "nixpkgs": [
          "haskell-nix",
          "nixpkgs-unstable"
        ],
        "nixpkgs-2003": "nixpkgs-2003",
        "nixpkgs-2105": "nixpkgs-2105",
        "nixpkgs-2111": "nixpkgs-2111",
        "nixpkgs-unstable": "nixpkgs-unstable",
        "old-ghc-nix": "old-ghc-nix",
        "stackage": "stackage"
      },
      "locked": {
        "lastModified": 1644944726,
        "narHash": "sha256-jJWdP/3Ne1y1akC3m9rSO5ItRoBc4UTdVQZBCuPmmrM=",
        "owner": "L-as",
        "repo": "haskell.nix",
        "rev": "45c583b5580c130487eb5a342679f0bdbc2b23fc",
        "type": "github"
      },
      "original": {
        "owner": "L-as",
        "ref": "master",
        "repo": "haskell.nix",
        "type": "github"
      }
    },
    "haskell-nix_2": {
      "flake": false,
      "locked": {
        "lastModified": 1629380841,
        "narHash": "sha256-gWOWCfX7IgVSvMMYN6rBGK6EA0pk6pmYguXzMvGte+Q=",
        "owner": "input-output-hk",
        "repo": "haskell.nix",
        "rev": "7215f083b37741446aa325b20c8ba9f9f76015eb",
        "type": "github"
      },
      "original": {
        "owner": "input-output-hk",
        "repo": "haskell.nix",
        "type": "github"
      }
    },
    "heist": {
      "flake": false,
      "locked": {
        "lastModified": 1624205223,
        "narHash": "sha256-+bcrEKjB/kDRAqOunCD/cKBBVOJUTmY9RoCQ++I42oM=",
        "owner": "srid",
        "repo": "heist",
        "rev": "a8be6f93656f87199e03b9dfb9979dc061614108",
        "type": "github"
      },
      "original": {
        "owner": "srid",
        "ref": "emanote",
        "repo": "heist",
        "type": "github"
      }
    },
    "hercules-ci-effects": {
      "inputs": {
        "nixpkgs": "nixpkgs_3"
      },
      "locked": {
        "lastModified": 1647711660,
        "narHash": "sha256-ZoV/oAH8g4NYeTzC7OCZnlM7l0hNBs0nUHf4l1+lmDc=",
        "owner": "hercules-ci",
        "repo": "hercules-ci-effects",
        "rev": "d17e41cfb454d07f5d8d3b667bf45b079d868541",
        "type": "github"
      },
      "original": {
        "owner": "hercules-ci",
        "repo": "hercules-ci-effects",
        "type": "github"
      }
    },
    "hpc-coveralls": {
      "flake": false,
      "locked": {
        "lastModified": 1607498076,
        "narHash": "sha256-8uqsEtivphgZWYeUo5RDUhp6bO9j2vaaProQxHBltQk=",
        "owner": "sevanspowell",
        "repo": "hpc-coveralls",
        "rev": "14df0f7d229f4cd2e79f8eabb1a740097fdfa430",
        "type": "github"
      },
      "original": {
        "owner": "sevanspowell",
        "repo": "hpc-coveralls",
        "type": "github"
      }
    },
    "hs-memory": {
      "flake": false,
      "locked": {
        "lastModified": 1636757734,
        "narHash": "sha256-DIlt0NpFUx8IUeTcgZNBJWWfyNaKv5ZKYw1K9aLvxBs=",
        "owner": "vincenthz",
        "repo": "hs-memory",
        "rev": "3cf661a8a9a8ac028df77daa88e8d65c55a3347a",
        "type": "github"
      },
      "original": {
        "owner": "vincenthz",
        "repo": "hs-memory",
        "rev": "3cf661a8a9a8ac028df77daa88e8d65c55a3347a",
        "type": "github"
      }
    },
    "hspec": {
      "flake": false,
      "locked": {
        "lastModified": 1649095108,
        "narHash": "sha256-cPmt4hvmdh727VT6UAL8yFArmm4FAWeg3K5Qi3XtU4g=",
        "owner": "srid",
        "repo": "hspec",
        "rev": "44f2a143e10c93df237af428457d0e4b74ae270a",
        "type": "github"
      },
      "original": {
        "owner": "srid",
        "ref": "askAncestors",
        "repo": "hspec",
        "type": "github"
      }
    },
    "iohk-nix": {
      "flake": false,
      "locked": {
        "lastModified": 1643251385,
        "narHash": "sha256-Czbd69lg0ARSZfC18V6h+gtPMioWDAEVPbiHgL2x9LM=",
        "owner": "input-output-hk",
        "repo": "iohk-nix",
        "rev": "9d6ee3dcb3482f791e40ed991ad6fc649b343ad4",
        "type": "github"
      },
      "original": {
        "owner": "input-output-hk",
        "repo": "iohk-nix",
        "type": "github"
      }
    },
    "iohk-nix_2": {
      "flake": false,
      "locked": {
        "lastModified": 1626953580,
        "narHash": "sha256-iEI9aTOaZMGsjWzcrctrC0usmiagwKT2v1LSDe9/tMU=",
        "owner": "input-output-hk",
        "repo": "iohk-nix",
        "rev": "cbd497f5844249ef8fe617166337d59f2a6ebe90",
        "type": "github"
      },
      "original": {
        "owner": "input-output-hk",
        "repo": "iohk-nix",
        "type": "github"
      }
    },
    "nix-tools": {
      "flake": false,
      "locked": {
        "lastModified": 1644395812,
        "narHash": "sha256-BVFk/BEsTLq5MMZvdy3ZYHKfaS3dHrsKh4+tb5t5b58=",
        "owner": "input-output-hk",
        "repo": "nix-tools",
        "rev": "d847c63b99bbec78bf83be2a61dc9f09b8a9ccc1",
        "type": "github"
      },
      "original": {
        "owner": "input-output-hk",
        "repo": "nix-tools",
        "type": "github"
      }
    },
    "nixpkgs": {
      "locked": {
        "lastModified": 1647350163,
        "narHash": "sha256-OcMI+PFEHTONthXuEQNddt16Ml7qGvanL3x8QOl2Aao=",
        "owner": "nixos",
        "repo": "nixpkgs",
        "rev": "3eb07eeafb52bcbf02ce800f032f18d666a9498d",
        "type": "github"
      },
      "original": {
        "owner": "nixos",
        "repo": "nixpkgs",
        "rev": "3eb07eeafb52bcbf02ce800f032f18d666a9498d",
        "type": "github"
      }
    },
    "nixpkgs-2003": {
      "locked": {
        "lastModified": 1620055814,
        "narHash": "sha256-8LEHoYSJiL901bTMVatq+rf8y7QtWuZhwwpKE2fyaRY=",
        "owner": "NixOS",
        "repo": "nixpkgs",
        "rev": "1db42b7fe3878f3f5f7a4f2dc210772fd080e205",
        "type": "github"
      },
      "original": {
        "owner": "NixOS",
        "ref": "nixpkgs-20.03-darwin",
        "repo": "nixpkgs",
        "type": "github"
      }
    },
    "nixpkgs-2105": {
      "locked": {
        "lastModified": 1642244250,
        "narHash": "sha256-vWpUEqQdVP4srj+/YLJRTN9vjpTs4je0cdWKXPbDItc=",
        "owner": "NixOS",
        "repo": "nixpkgs",
        "rev": "0fd9ee1aa36ce865ad273f4f07fdc093adeb5c00",
        "type": "github"
      },
      "original": {
        "owner": "NixOS",
        "ref": "nixpkgs-21.05-darwin",
        "repo": "nixpkgs",
        "type": "github"
      }
    },
    "nixpkgs-2111": {
      "locked": {
        "lastModified": 1644510859,
        "narHash": "sha256-xjpVvL5ecbyi0vxtVl/Fh9bwGlMbw3S06zE5nUzFB8A=",
        "owner": "NixOS",
        "repo": "nixpkgs",
        "rev": "0d1d5d7e3679fec9d07f2eb804d9f9fdb98378d3",
        "type": "github"
      },
      "original": {
        "owner": "NixOS",
        "ref": "nixpkgs-21.11-darwin",
        "repo": "nixpkgs",
        "type": "github"
      }
    },
    "nixpkgs-unstable": {
      "locked": {
        "lastModified": 1644486793,
        "narHash": "sha256-EeijR4guVHgVv+JpOX3cQO+1XdrkJfGmiJ9XVsVU530=",
        "owner": "NixOS",
        "repo": "nixpkgs",
        "rev": "1882c6b7368fd284ad01b0a5b5601ef136321292",
        "type": "github"
      },
      "original": {
        "owner": "NixOS",
        "ref": "nixpkgs-unstable",
        "repo": "nixpkgs",
        "type": "github"
      }
    },
    "nixpkgs_2": {
      "locked": {
        "lastModified": 1645655918,
        "narHash": "sha256-ZfbEFRW7o237+A1P7eTKhXje435FCAoe0blj2n20Was=",
        "owner": "nixos",
        "repo": "nixpkgs",
        "rev": "77a7a4197740213879b9a1d2e1788c6c8ade4274",
        "type": "github"
      },
      "original": {
        "id": "nixpkgs",
        "type": "indirect"
      }
    },
    "nixpkgs_3": {
      "locked": {
        "lastModified": 1647297614,
        "narHash": "sha256-ulGq3W5XsrBMU/u5k9d4oPy65pQTkunR4HKKtTq0RwY=",
        "owner": "NixOS",
        "repo": "nixpkgs",
        "rev": "73ad5f9e147c0d2a2061f1d4bd91e05078dc0b58",
        "type": "github"
      },
      "original": {
        "owner": "NixOS",
        "ref": "nixos-unstable",
        "repo": "nixpkgs",
        "type": "github"
      }
    },
    "nixpkgs_4": {
      "flake": false,
      "locked": {
        "lastModified": 1628785280,
        "narHash": "sha256-2B5eMrEr6O8ff2aQNeVxTB+9WrGE80OB4+oM6T7fOcc=",
        "owner": "NixOS",
        "repo": "nixpkgs",
        "rev": "6525bbc06a39f26750ad8ee0d40000ddfdc24acb",
        "type": "github"
      },
      "original": {
        "owner": "NixOS",
        "ref": "nixpkgs-unstable",
        "repo": "nixpkgs",
        "type": "github"
      }
    },
    "old-ghc-nix": {
      "flake": false,
      "locked": {
        "lastModified": 1631092763,
        "narHash": "sha256-sIKgO+z7tj4lw3u6oBZxqIhDrzSkvpHtv0Kki+lh9Fg=",
        "owner": "angerman",
        "repo": "old-ghc-nix",
        "rev": "af48a7a7353e418119b6dfe3cd1463a657f342b8",
        "type": "github"
      },
      "original": {
        "owner": "angerman",
        "ref": "master",
        "repo": "old-ghc-nix",
        "type": "github"
      }
    },
    "pathtree": {
      "inputs": {
        "flake-compat": "flake-compat_2",
        "flake-utils": "flake-utils_3",
        "nixpkgs": [
          "emanote",
          "ema",
          "nixpkgs"
        ]
      },
      "locked": {
        "lastModified": 1647644631,
        "narHash": "sha256-aRuyBXjUrva7RNSWIIbB+HefowF8wZepCkkaCDm8Qn4=",
        "owner": "srid",
        "repo": "pathtree",
        "rev": "8619aada5b0cd76dff37a2e90b47eecbb3fb7d23",
        "type": "github"
      },
      "original": {
        "owner": "srid",
        "repo": "pathtree",
        "type": "github"
      }
    },
    "plutus": {
      "inputs": {
        "cardano-repo-tool": "cardano-repo-tool",
        "gitignore-nix": "gitignore-nix",
        "hackage-nix": "hackage-nix",
        "haskell-language-server": "haskell-language-server_2",
        "haskell-nix": "haskell-nix_2",
        "iohk-nix": "iohk-nix_2",
        "nixpkgs": "nixpkgs_4",
        "pre-commit-hooks-nix": "pre-commit-hooks-nix",
        "sphinxcontrib-haddock": "sphinxcontrib-haddock",
        "stackage-nix": "stackage-nix"
      },
      "locked": {
        "lastModified": 1645203653,
        "narHash": "sha256-HAi60mSkyMXzu1Wg3h6KdYZg+ufNMvX6obfcLo0ArL0=",
        "owner": "L-as",
        "repo": "plutus",
        "rev": "5ec17953aae3ac9546f6d923201eb1dbb4e058bb",
        "type": "github"
      },
      "original": {
        "owner": "L-as",
        "ref": "ghc9",
        "repo": "plutus",
        "type": "github"
      }
    },
    "pre-commit-hooks": {
      "inputs": {
        "flake-utils": "flake-utils_2",
        "nixpkgs": "nixpkgs_2"
      },
      "locked": {
        "lastModified": 1646153636,
        "narHash": "sha256-AlWHMzK+xJ1mG267FdT8dCq/HvLCA6jwmx2ZUy5O8tY=",
        "owner": "cachix",
        "repo": "pre-commit-hooks.nix",
        "rev": "b6bc0b21e1617e2b07d8205e7fae7224036dfa4b",
        "type": "github"
      },
      "original": {
        "owner": "cachix",
        "repo": "pre-commit-hooks.nix",
        "type": "github"
      }
    },
    "pre-commit-hooks-nix": {
      "flake": false,
      "locked": {
        "lastModified": 1624971177,
        "narHash": "sha256-Amf/nBj1E77RmbSSmV+hg6YOpR+rddCbbVgo5C7BS0I=",
        "owner": "cachix",
        "repo": "pre-commit-hooks.nix",
        "rev": "397f0713d007250a2c7a745e555fa16c5dc8cadb",
        "type": "github"
      },
      "original": {
        "owner": "cachix",
        "repo": "pre-commit-hooks.nix",
        "type": "github"
      }
    },
    "protolude": {
      "flake": false,
      "locked": {
        "lastModified": 1637276813,
        "narHash": "sha256-/mgR1Vyp1WYBjdkbwQycrf6lcmOgUFcYUZIMhVgYhdo=",
        "owner": "protolude",
        "repo": "protolude",
        "rev": "d821ef0ac7552cfa2c3e7a7bdf29539f57e3fae6",
        "type": "github"
      },
      "original": {
        "owner": "protolude",
        "repo": "protolude",
        "rev": "d821ef0ac7552cfa2c3e7a7bdf29539f57e3fae6",
        "type": "github"
      }
    },
    "root": {
      "inputs": {
        "Shrinker": "Shrinker",
        "cardano-base": "cardano-base",
        "cardano-crypto": "cardano-crypto",
        "cardano-prelude": "cardano-prelude",
        "cryptonite": "cryptonite",
        "emanote": "emanote",
        "flat": "flat",
        "foundation": "foundation",
        "haskell-language-server": "haskell-language-server",
        "haskell-nix": "haskell-nix",
        "hercules-ci-effects": "hercules-ci-effects",
        "hs-memory": "hs-memory",
        "hspec": "hspec",
        "iohk-nix": "iohk-nix",
        "nixpkgs": [
          "haskell-nix",
          "nixpkgs-unstable"
        ],
        "plutus": "plutus",
        "protolude": "protolude",
        "sized-functors": "sized-functors",
        "th-extras": "th-extras"
      }
    },
    "sized-functors": {
      "flake": false,
      "locked": {
        "lastModified": 1620614934,
        "narHash": "sha256-pVJbEGF4/lvXmWIypwkMQBYygOx3TQwLJbMpfdYovdY=",
        "owner": "JonasDuregard",
        "repo": "sized-functors",
        "rev": "fe6bf78a1b97ff7429630d0e8974c9bc40945dcf",
        "type": "github"
      },
      "original": {
        "owner": "JonasDuregard",
        "repo": "sized-functors",
        "rev": "fe6bf78a1b97ff7429630d0e8974c9bc40945dcf",
        "type": "github"
      }
    },
    "sphinxcontrib-haddock": {
      "flake": false,
      "locked": {
        "lastModified": 1594136664,
        "narHash": "sha256-O9YT3iCUBHP3CEF88VDLLCO2HSP3HqkNA2q2939RnVY=",
        "owner": "michaelpj",
        "repo": "sphinxcontrib-haddock",
        "rev": "f3956b3256962b2d27d5a4e96edb7951acf5de34",
        "type": "github"
      },
      "original": {
        "owner": "michaelpj",
        "repo": "sphinxcontrib-haddock",
        "type": "github"
      }
    },
    "stackage": {
      "flake": false,
      "locked": {
        "lastModified": 1644887829,
        "narHash": "sha256-tjUXJpqB7MMnqM4FF5cdtZipfratUcTKRQVA6F77sEQ=",
        "owner": "input-output-hk",
        "repo": "stackage.nix",
        "rev": "db8bdef6588cf4f38e6069075ba76f0024381f68",
        "type": "github"
      },
      "original": {
        "owner": "input-output-hk",
        "repo": "stackage.nix",
        "type": "github"
      }
    },
    "stackage-nix": {
      "flake": false,
      "locked": {
        "lastModified": 1597712578,
        "narHash": "sha256-c/pcfZ6w5Yp//7oC0hErOGVVphBLc5vc4IZlWKZ/t6E=",
        "owner": "input-output-hk",
        "repo": "stackage.nix",
        "rev": "e32c8b06d56954865725514ce0d98d5d1867e43a",
        "type": "github"
      },
      "original": {
        "owner": "input-output-hk",
        "repo": "stackage.nix",
        "type": "github"
      }
    },
    "tailwind-haskell": {
      "inputs": {
        "flake-compat": [
          "emanote",
          "ema",
          "flake-compat"
        ],
        "flake-utils": [
          "emanote",
          "ema",
          "flake-utils"
        ],
        "nixpkgs": [
          "emanote",
          "ema",
          "nixpkgs"
        ]
      },
      "locked": {
        "lastModified": 1647792199,
        "narHash": "sha256-QndGcDf2ySiA+1CSo05lSE9qBCcV18hBCgw8qH9PfEo=",
        "owner": "srid",
        "repo": "tailwind-haskell",
        "rev": "9deb377835f9035a658c694dd82cb772afeb2d36",
        "type": "github"
      },
      "original": {
        "owner": "srid",
        "ref": "master",
        "repo": "tailwind-haskell",
        "type": "github"
      }
    },
    "th-extras": {
      "flake": false,
      "locked": {
        "lastModified": 1641329261,
        "narHash": "sha256-+K91xH/zew66ry0EAV5FaEIAHUZdJ3ngD9GzCJiUq7k=",
        "owner": "mokus0",
        "repo": "th-extras",
        "rev": "787ed752c1e5d41b5903b74e171ed087de38bffa",
        "type": "github"
      },
      "original": {
        "owner": "mokus0",
        "repo": "th-extras",
        "rev": "787ed752c1e5d41b5903b74e171ed087de38bffa",
        "type": "github"
      }
    },
    "unionmount": {
      "inputs": {
        "flake-compat": "flake-compat_3",
        "flake-utils": "flake-utils_4",
        "nixpkgs": [
          "emanote",
          "ema",
          "nixpkgs"
        ]
      },
      "locked": {
        "lastModified": 1647795307,
        "narHash": "sha256-olb4o0+l8XXtdQ8NKLtwjI5A9/4CPMgRdBVtZVvsLlY=",
        "owner": "srid",
        "repo": "unionmount",
        "rev": "ccd5049de67bfd7f042deda00a41659ec4e36f3c",
        "type": "github"
      },
      "original": {
        "owner": "srid",
        "ref": "master",
        "repo": "unionmount",
        "type": "github"
      }
    }
  },
  "root": "root",
  "version": 7
}
