{
  "nodes": {
    "HTTP": {
      "flake": false,
      "locked": {
        "lastModified": 1451647621,
        "narHash": "sha256-oHIyw3x0iKBexEo49YeUDV1k74ZtyYKGR2gNJXXRxts=",
        "owner": "phadej",
        "repo": "HTTP",
        "rev": "9bc0996d412fef1787449d841277ef663ad9a915",
        "type": "github"
      },
      "original": {
        "owner": "phadej",
        "repo": "HTTP",
        "type": "github"
      }
    },
    "Shrinker": {
      "flake": false,
      "locked": {
        "lastModified": 1641477919,
        "narHash": "sha256-D6Rl2/2ABrHwBdoU8U4iNU8gVC4MTy14heh4ouCjQE4=",
        "owner": "Plutonomicon",
        "repo": "Shrinker",
        "rev": "37bf56e83d0d568232ff2be1ae4daf1946a81189",
        "type": "github"
      },
      "original": {
        "owner": "Plutonomicon",
        "repo": "Shrinker",
        "type": "github"
      }
    },
    "Win32-network": {
      "flake": false,
      "locked": {
        "lastModified": 1636063162,
        "narHash": "sha256-uvYEWalN62ETpH45/O7lNHo4rAIaJtYpLWdIcAkq3dA=",
        "owner": "input-output-hk",
        "repo": "Win32-network",
        "rev": "2d1a01c7cbb9f68a1aefe2934aad6c70644ebfea",
        "type": "github"
      },
      "original": {
        "owner": "input-output-hk",
        "repo": "Win32-network",
        "rev": "2d1a01c7cbb9f68a1aefe2934aad6c70644ebfea",
        "type": "github"
      }
    },
    "cabal-32": {
      "flake": false,
      "locked": {
        "lastModified": 1603716527,
        "narHash": "sha256-sDbrmur9Zfp4mPKohCD8IDZfXJ0Tjxpmr2R+kg5PpSY=",
        "owner": "haskell",
        "repo": "cabal",
        "rev": "94aaa8e4720081f9c75497e2735b90f6a819b08e",
        "type": "github"
      },
      "original": {
        "owner": "haskell",
        "ref": "3.2",
        "repo": "cabal",
        "type": "github"
      }
    },
    "cabal-34": {
      "flake": false,
      "locked": {
        "lastModified": 1622475795,
        "narHash": "sha256-chwTL304Cav+7p38d9mcb+egABWmxo2Aq+xgVBgEb/U=",
        "owner": "haskell",
        "repo": "cabal",
        "rev": "b086c1995cdd616fc8d91f46a21e905cc50a1049",
        "type": "github"
      },
      "original": {
        "owner": "haskell",
        "ref": "3.4",
        "repo": "cabal",
        "type": "github"
      }
    },
    "cabal-36": {
      "flake": false,
      "locked": {
        "lastModified": 1640163203,
        "narHash": "sha256-TwDWP2CffT0j40W6zr0J1Qbu+oh3nsF1lUx9446qxZM=",
        "owner": "haskell",
        "repo": "cabal",
        "rev": "ecf418050c1821f25e2e218f1be94c31e0465df1",
        "type": "github"
      },
      "original": {
        "owner": "haskell",
        "ref": "3.6",
        "repo": "cabal",
        "type": "github"
      }
    },
    "cardano-base": {
      "flake": false,
      "locked": {
        "lastModified": 1638456794,
        "narHash": "sha256-0KAO6dWqupJzRyjWjAFLZrt0hA6pozeKsDv1Fnysib8=",
        "owner": "input-output-hk",
        "repo": "cardano-base",
        "rev": "4fae3f0149fd8925be94707d3ae0e36c0d67bd58",
        "type": "github"
      },
      "original": {
        "owner": "input-output-hk",
        "repo": "cardano-base",
        "type": "github"
      }
    },
    "cardano-crypto": {
      "flake": false,
      "locked": {
        "lastModified": 1621376239,
        "narHash": "sha256-oxIOVlgm07FAEmgGRF1C2me9TXqVxQulEOcJ22zpTRs=",
        "owner": "input-output-hk",
        "repo": "cardano-crypto",
        "rev": "07397f0e50da97eaa0575d93bee7ac4b2b2576ec",
        "type": "github"
      },
      "original": {
        "owner": "input-output-hk",
        "repo": "cardano-crypto",
        "rev": "07397f0e50da97eaa0575d93bee7ac4b2b2576ec",
        "type": "github"
      }
    },
    "cardano-prelude": {
      "flake": false,
      "locked": {
        "lastModified": 1641566029,
        "narHash": "sha256-CylaHhO4zbZ1dEAv8yWp1swP1xys/s2Sbxg3a2pdnCI=",
        "owner": "locallycompact",
        "repo": "cardano-prelude",
        "rev": "93f95047bb36a055bdd56fb0cafd887c072cdce2",
        "type": "github"
      },
      "original": {
        "owner": "locallycompact",
        "repo": "cardano-prelude",
        "rev": "93f95047bb36a055bdd56fb0cafd887c072cdce2",
        "type": "github"
      }
    },
    "cardano-repo-tool": {
      "flake": false,
      "locked": {
        "lastModified": 1624584417,
        "narHash": "sha256-YSepT97PagR/1jTYV/Yer8a2GjFe9+tTwaTCHxuK50M=",
        "owner": "input-output-hk",
        "repo": "cardano-repo-tool",
        "rev": "30e826ed8f00e3e154453b122a6f3d779b2f73ec",
        "type": "github"
      },
      "original": {
        "owner": "input-output-hk",
        "repo": "cardano-repo-tool",
        "type": "github"
      }
    },
    "cardano-shell": {
      "flake": false,
      "locked": {
        "lastModified": 1608537748,
        "narHash": "sha256-PulY1GfiMgKVnBci3ex4ptk2UNYMXqGjJOxcPy2KYT4=",
        "owner": "input-output-hk",
        "repo": "cardano-shell",
        "rev": "9392c75087cb9a3d453998f4230930dea3a95725",
        "type": "github"
      },
      "original": {
        "owner": "input-output-hk",
        "repo": "cardano-shell",
        "type": "github"
      }
    },
    "cryptonite": {
      "flake": false,
      "locked": {
        "lastModified": 1635610652,
        "narHash": "sha256-uR6xtxEiqHKHCNPY2Iar898ii4OSTj4rrd2Fb3nH4F0=",
        "owner": "haskell-crypto",
        "repo": "cryptonite",
        "rev": "3b081e3ad027b0550fc87f171dffecbb20dedafe",
        "type": "github"
      },
      "original": {
        "owner": "haskell-crypto",
        "repo": "cryptonite",
        "rev": "3b081e3ad027b0550fc87f171dffecbb20dedafe",
        "type": "github"
      }
    },
    "flake-compat-ci": {
      "locked": {
        "lastModified": 1641672839,
        "narHash": "sha256-Bdwv+DKeEMlRNPDpZxSz0sSrqQBvdKO5fZ8LmvrgCOU=",
        "owner": "hercules-ci",
        "repo": "flake-compat-ci",
        "rev": "e832114bc18376c0f3fa13c19bf5ff253cc6570a",
        "type": "github"
      },
      "original": {
        "owner": "hercules-ci",
        "repo": "flake-compat-ci",
        "type": "github"
      }
    },
    "flake-utils": {
      "locked": {
        "lastModified": 1623875721,
        "narHash": "sha256-A8BU7bjS5GirpAUv4QA+QnJ4CceLHkcXdRp4xITDB0s=",
        "owner": "numtide",
        "repo": "flake-utils",
        "rev": "f7e004a55b120c02ecb6219596820fcd32ca8772",
        "type": "github"
      },
      "original": {
        "owner": "numtide",
        "repo": "flake-utils",
        "type": "github"
      }
    },
    "flat": {
      "flake": false,
      "locked": {
        "lastModified": 1641898475,
        "narHash": "sha256-D7jJ4t0T1ZvXbO61r3HQj77hZ5hWF/P1L8X9+MnfD6c=",
        "owner": "Quid2",
        "repo": "flat",
        "rev": "41a040c413351e021982bb78bd00f750628f8060",
        "type": "github"
      },
      "original": {
        "owner": "Quid2",
        "repo": "flat",
        "rev": "41a040c413351e021982bb78bd00f750628f8060",
        "type": "github"
      }
    },
    "foundation": {
      "flake": false,
      "locked": {
        "lastModified": 1635711016,
        "narHash": "sha256-5TRuljpwt50DLjyFjiFj6quFncu8RT0d8/0jlzsenuc=",
        "owner": "haskell-foundation",
        "repo": "foundation",
        "rev": "0bb195e1fea06d144dafc5af9a0ff79af0a5f4a0",
        "type": "github"
      },
      "original": {
        "owner": "haskell-foundation",
        "repo": "foundation",
        "rev": "0bb195e1fea06d144dafc5af9a0ff79af0a5f4a0",
        "type": "github"
      }
    },
    "ghc-8.6.5-iohk": {
      "flake": false,
      "locked": {
        "lastModified": 1600920045,
        "narHash": "sha256-DO6kxJz248djebZLpSzTGD6s8WRpNI9BTwUeOf5RwY8=",
        "owner": "input-output-hk",
        "repo": "ghc",
        "rev": "95713a6ecce4551240da7c96b6176f980af75cae",
        "type": "github"
      },
      "original": {
        "owner": "input-output-hk",
        "ref": "release/8.6.5-iohk",
        "repo": "ghc",
        "type": "github"
      }
    },
    "gitignore-nix": {
      "flake": false,
      "locked": {
        "lastModified": 1611672876,
        "narHash": "sha256-qHu3uZ/o9jBHiA3MEKHJ06k7w4heOhA+4HCSIvflRxo=",
        "owner": "hercules-ci",
        "repo": "gitignore.nix",
        "rev": "211907489e9f198594c0eb0ca9256a1949c9d412",
        "type": "github"
      },
      "original": {
        "owner": "hercules-ci",
        "repo": "gitignore.nix",
        "type": "github"
      }
    },
    "hackage": {
      "flake": false,
      "locked": {
        "lastModified": 1641604316,
        "narHash": "sha256-yadiTlqUcS7f5ANmjjunh1xh1vjGdfAlkOwBq/4Slls=",
        "owner": "input-output-hk",
        "repo": "hackage.nix",
        "rev": "f71140013b530aaa38cc3769976c6b2bdb248891",
        "type": "github"
      },
      "original": {
        "owner": "input-output-hk",
        "repo": "hackage.nix",
        "type": "github"
      }
    },
    "hackage-nix": {
      "flake": false,
      "locked": {
        "lastModified": 1637291070,
        "narHash": "sha256-hTX2Xo36i9MR6PNwA/89C8daKjxmx5ZS5lwR2Cbp8Yo=",
        "owner": "input-output-hk",
        "repo": "hackage.nix",
        "rev": "6ea4ad5f4a5e2303cd64974329ba90ccc410a012",
        "type": "github"
      },
      "original": {
        "owner": "input-output-hk",
        "repo": "hackage.nix",
        "type": "github"
      }
    },
    "haskell-language-server": {
      "flake": false,
      "locked": {
        "lastModified": 1638136578,
        "narHash": "sha256-Reo9BQ12O+OX7tuRfaDPZPBpJW4jnxZetm63BxYncoM=",
        "owner": "haskell",
        "repo": "haskell-language-server",
        "rev": "745ef26f406dbdd5e4a538585f8519af9f1ccb09",
        "type": "github"
      },
      "original": {
        "owner": "haskell",
        "ref": "1.5.1",
        "repo": "haskell-language-server",
        "type": "github"
      }
    },
    "haskell-nix": {
      "inputs": {
        "HTTP": "HTTP",
        "cabal-32": "cabal-32",
        "cabal-34": "cabal-34",
        "cabal-36": "cabal-36",
        "cardano-shell": "cardano-shell",
        "flake-utils": "flake-utils",
        "ghc-8.6.5-iohk": "ghc-8.6.5-iohk",
        "hackage": "hackage",
        "hpc-coveralls": "hpc-coveralls",
        "nix-tools": "nix-tools",
        "nixpkgs": [
          "haskell-nix",
          "nixpkgs-2111"
        ],
        "nixpkgs-2003": "nixpkgs-2003",
        "nixpkgs-2105": "nixpkgs-2105",
        "nixpkgs-2111": "nixpkgs-2111",
        "nixpkgs-unstable": "nixpkgs-unstable",
        "old-ghc-nix": "old-ghc-nix",
        "stackage": "stackage"
      },
      "locked": {
        "lastModified": 1641853401,
        "narHash": "sha256-62ay0XTxNbNOYt5KnnWXiBTkrUlSY1t0kJR1KeWuGTg=",
        "owner": "L-as",
        "repo": "haskell.nix",
        "rev": "148bd7563804e504ef7bfc53191ba3f84fd91129",
        "type": "github"
      },
      "original": {
        "owner": "L-as",
        "ref": "master",
        "repo": "haskell.nix",
        "type": "github"
      }
    },
    "haskell-nix_2": {
      "flake": false,
      "locked": {
        "lastModified": 1629380841,
        "narHash": "sha256-gWOWCfX7IgVSvMMYN6rBGK6EA0pk6pmYguXzMvGte+Q=",
        "owner": "input-output-hk",
        "repo": "haskell.nix",
        "rev": "7215f083b37741446aa325b20c8ba9f9f76015eb",
        "type": "github"
      },
      "original": {
        "owner": "input-output-hk",
        "repo": "haskell.nix",
        "type": "github"
      }
    },
    "hpc-coveralls": {
      "flake": false,
      "locked": {
        "lastModified": 1607498076,
        "narHash": "sha256-8uqsEtivphgZWYeUo5RDUhp6bO9j2vaaProQxHBltQk=",
        "owner": "sevanspowell",
        "repo": "hpc-coveralls",
        "rev": "14df0f7d229f4cd2e79f8eabb1a740097fdfa430",
        "type": "github"
      },
      "original": {
        "owner": "sevanspowell",
        "repo": "hpc-coveralls",
        "type": "github"
      }
    },
    "hs-memory": {
      "flake": false,
      "locked": {
        "lastModified": 1636757734,
        "narHash": "sha256-DIlt0NpFUx8IUeTcgZNBJWWfyNaKv5ZKYw1K9aLvxBs=",
        "owner": "vincenthz",
        "repo": "hs-memory",
        "rev": "3cf661a8a9a8ac028df77daa88e8d65c55a3347a",
        "type": "github"
      },
      "original": {
        "owner": "vincenthz",
        "repo": "hs-memory",
        "rev": "3cf661a8a9a8ac028df77daa88e8d65c55a3347a",
        "type": "github"
      }
    },
    "iohk-nix": {
      "flake": false,
      "locked": {
        "lastModified": 1626953580,
        "narHash": "sha256-iEI9aTOaZMGsjWzcrctrC0usmiagwKT2v1LSDe9/tMU=",
        "owner": "input-output-hk",
        "repo": "iohk-nix",
        "rev": "cbd497f5844249ef8fe617166337d59f2a6ebe90",
        "type": "github"
      },
      "original": {
        "owner": "input-output-hk",
        "repo": "iohk-nix",
        "type": "github"
      }
    },
    "nix-tools": {
      "flake": false,
      "locked": {
        "lastModified": 1636018067,
        "narHash": "sha256-ng306fkuwr6V/malWtt3979iAC4yMVDDH2ViwYB6sQE=",
        "owner": "input-output-hk",
        "repo": "nix-tools",
        "rev": "ed5bd7215292deba55d6ab7a4e8c21f8b1564dda",
        "type": "github"
      },
      "original": {
        "owner": "input-output-hk",
        "repo": "nix-tools",
        "type": "github"
      }
    },
    "nixpkgs": {
      "flake": false,
      "locked": {
        "lastModified": 1628785280,
        "narHash": "sha256-2B5eMrEr6O8ff2aQNeVxTB+9WrGE80OB4+oM6T7fOcc=",
        "owner": "NixOS",
        "repo": "nixpkgs",
        "rev": "6525bbc06a39f26750ad8ee0d40000ddfdc24acb",
        "type": "github"
      },
      "original": {
        "owner": "NixOS",
        "ref": "nixpkgs-unstable",
        "repo": "nixpkgs",
        "type": "github"
      }
    },
    "nixpkgs-2003": {
      "locked": {
        "lastModified": 1620055814,
        "narHash": "sha256-8LEHoYSJiL901bTMVatq+rf8y7QtWuZhwwpKE2fyaRY=",
        "owner": "NixOS",
        "repo": "nixpkgs",
        "rev": "1db42b7fe3878f3f5f7a4f2dc210772fd080e205",
        "type": "github"
      },
      "original": {
        "owner": "NixOS",
        "ref": "nixpkgs-20.03-darwin",
        "repo": "nixpkgs",
        "type": "github"
      }
    },
    "nixpkgs-2105": {
      "locked": {
        "lastModified": 1640283157,
        "narHash": "sha256-6Ddfop+rKE+Gl9Tjp9YIrkfoYPzb8F80ergdjcq3/MY=",
        "owner": "NixOS",
        "repo": "nixpkgs",
        "rev": "dde1557825c5644c869c5efc7448dc03722a8f09",
        "type": "github"
      },
      "original": {
        "owner": "NixOS",
        "ref": "nixpkgs-21.05-darwin",
        "repo": "nixpkgs",
        "type": "github"
      }
    },
    "nixpkgs-2111": {
      "locked": {
        "lastModified": 1640283207,
        "narHash": "sha256-SCwl7ZnCfMDsuSYvwIroiAlk7n33bW8HFfY8NvKhcPA=",
        "owner": "NixOS",
        "repo": "nixpkgs",
        "rev": "64c7e3388bbd9206e437713351e814366e0c3284",
        "type": "github"
      },
      "original": {
        "owner": "NixOS",
        "ref": "nixpkgs-21.11-darwin",
        "repo": "nixpkgs",
        "type": "github"
      }
    },
    "nixpkgs-unstable": {
      "locked": {
        "lastModified": 1641285291,
        "narHash": "sha256-KYaOBNGar3XWTxTsYPr9P6u74KAqNq0wobEC236U+0c=",
        "owner": "NixOS",
        "repo": "nixpkgs",
        "rev": "0432195a4b8d68faaa7d3d4b355260a3120aeeae",
        "type": "github"
      },
      "original": {
        "owner": "NixOS",
        "ref": "nixpkgs-unstable",
        "repo": "nixpkgs",
        "type": "github"
      }
    },
    "old-ghc-nix": {
      "flake": false,
      "locked": {
        "lastModified": 1631092763,
        "narHash": "sha256-sIKgO+z7tj4lw3u6oBZxqIhDrzSkvpHtv0Kki+lh9Fg=",
        "owner": "angerman",
        "repo": "old-ghc-nix",
        "rev": "af48a7a7353e418119b6dfe3cd1463a657f342b8",
        "type": "github"
      },
      "original": {
        "owner": "angerman",
        "ref": "master",
        "repo": "old-ghc-nix",
        "type": "github"
      }
    },
    "plutus": {
      "inputs": {
        "cardano-repo-tool": "cardano-repo-tool",
        "gitignore-nix": "gitignore-nix",
        "hackage-nix": "hackage-nix",
        "haskell-language-server": "haskell-language-server",
        "haskell-nix": "haskell-nix_2",
        "iohk-nix": "iohk-nix",
        "nixpkgs": "nixpkgs",
        "pre-commit-hooks-nix": "pre-commit-hooks-nix",
        "sphinxcontrib-haddock": "sphinxcontrib-haddock",
        "stackage-nix": "stackage-nix"
      },
      "locked": {
        "lastModified": 1641667456,
        "narHash": "sha256-/TJshirGt2CviomElgsBvsLK+X1szqQUvDV85ZS2Qjo=",
        "type": "git",
        "url": "file:///work/plutus"
      },
      "original": {
        "type": "git",
        "url": "file:///work/plutus"
      }
    },
    "pre-commit-hooks-nix": {
      "flake": false,
      "locked": {
        "lastModified": 1624971177,
        "narHash": "sha256-Amf/nBj1E77RmbSSmV+hg6YOpR+rddCbbVgo5C7BS0I=",
        "owner": "cachix",
        "repo": "pre-commit-hooks.nix",
        "rev": "397f0713d007250a2c7a745e555fa16c5dc8cadb",
        "type": "github"
      },
      "original": {
        "owner": "cachix",
        "repo": "pre-commit-hooks.nix",
        "type": "github"
      }
    },
    "protolude": {
      "flake": false,
      "locked": {
        "lastModified": 1637276813,
        "narHash": "sha256-/mgR1Vyp1WYBjdkbwQycrf6lcmOgUFcYUZIMhVgYhdo=",
        "owner": "protolude",
        "repo": "protolude",
        "rev": "d821ef0ac7552cfa2c3e7a7bdf29539f57e3fae6",
        "type": "github"
      },
      "original": {
        "owner": "protolude",
        "repo": "protolude",
        "rev": "d821ef0ac7552cfa2c3e7a7bdf29539f57e3fae6",
        "type": "github"
      }
    },
    "root": {
      "inputs": {
        "Shrinker": "Shrinker",
        "Win32-network": "Win32-network",
        "cardano-base": "cardano-base",
        "cardano-crypto": "cardano-crypto",
        "cardano-prelude": "cardano-prelude",
        "cryptonite": "cryptonite",
        "flake-compat-ci": "flake-compat-ci",
        "flat": "flat",
        "foundation": "foundation",
        "haskell-nix": "haskell-nix",
        "hs-memory": "hs-memory",
        "nixpkgs": [
          "haskell-nix",
          "nixpkgs-unstable"
        ],
        "plutus": "plutus",
        "protolude": "protolude",
        "sized-functors": "sized-functors",
        "th-extras": "th-extras"
      }
    },
    "sized-functors": {
      "flake": false,
      "locked": {
        "lastModified": 1620614934,
        "narHash": "sha256-pVJbEGF4/lvXmWIypwkMQBYygOx3TQwLJbMpfdYovdY=",
        "owner": "JonasDuregard",
        "repo": "sized-functors",
        "rev": "fe6bf78a1b97ff7429630d0e8974c9bc40945dcf",
        "type": "github"
      },
      "original": {
        "owner": "JonasDuregard",
        "repo": "sized-functors",
        "rev": "fe6bf78a1b97ff7429630d0e8974c9bc40945dcf",
        "type": "github"
      }
    },
    "sphinxcontrib-haddock": {
      "flake": false,
      "locked": {
        "lastModified": 1594136664,
        "narHash": "sha256-O9YT3iCUBHP3CEF88VDLLCO2HSP3HqkNA2q2939RnVY=",
        "owner": "michaelpj",
        "repo": "sphinxcontrib-haddock",
        "rev": "f3956b3256962b2d27d5a4e96edb7951acf5de34",
        "type": "github"
      },
      "original": {
        "owner": "michaelpj",
        "repo": "sphinxcontrib-haddock",
        "type": "github"
      }
    },
    "stackage": {
      "flake": false,
      "locked": {
        "lastModified": 1641518807,
        "narHash": "sha256-aEULsFF9b0vNLUzaj4lnbci8UL6r/6UvuJsY9x04ZJ0=",
        "owner": "input-output-hk",
        "repo": "stackage.nix",
        "rev": "52fe0717d7e436fdeb6032f1ca342d1d73351716",
        "type": "github"
      },
      "original": {
        "owner": "input-output-hk",
        "repo": "stackage.nix",
        "type": "github"
      }
    },
    "stackage-nix": {
      "flake": false,
      "locked": {
        "lastModified": 1597712578,
        "narHash": "sha256-c/pcfZ6w5Yp//7oC0hErOGVVphBLc5vc4IZlWKZ/t6E=",
        "owner": "input-output-hk",
        "repo": "stackage.nix",
        "rev": "e32c8b06d56954865725514ce0d98d5d1867e43a",
        "type": "github"
      },
      "original": {
        "owner": "input-output-hk",
        "repo": "stackage.nix",
        "type": "github"
      }
    },
    "th-extras": {
      "flake": false,
      "locked": {
        "lastModified": 1641329261,
        "narHash": "sha256-+K91xH/zew66ry0EAV5FaEIAHUZdJ3ngD9GzCJiUq7k=",
        "owner": "mokus0",
        "repo": "th-extras",
        "rev": "787ed752c1e5d41b5903b74e171ed087de38bffa",
        "type": "github"
      },
      "original": {
        "owner": "mokus0",
        "repo": "th-extras",
        "rev": "787ed752c1e5d41b5903b74e171ed087de38bffa",
        "type": "github"
      }
    }
  },
  "root": "root",
  "version": 7
}
